Microsoft Visual Studio Solution File, Format Version 11.00
# Visual Studio 2008

Project("{CF7272E2-B736-DCFB-9BEA-10C02383FA99}") = "Valinor", "Assembly-CSharp-firstpass.csproj", "{E2C7F295-66AF-7BEB-C404-F7CB74EE97D2}"
EndProject
Project("{CF7272E2-B736-DCFB-9BEA-10C02383FA99}") = "Valinor", "Assembly-CSharp.csproj", "{513B8EE0-6E80-E396-B7E5-DE4CC518EF3D}"
EndProject
Project("{CF7272E2-B736-DCFB-9BEA-10C02383FA99}") = "Valinor", "Assembly-CSharp-Editor.csproj", "{34FA692F-E6DD-8FF5-5378-F6107C6E78CB}"
EndProject
Project("{CF7272E2-B736-DCFB-9BEA-10C02383FA99}") = "Valinor", "Assembly-UnityScript-firstpass.unityproj", "{EF07F3A7-B96B-F1F2-980B-2B211E202965}"
EndProject
Project("{CF7272E2-B736-DCFB-9BEA-10C02383FA99}") = "Valinor", "Assembly-UnityScript.unityproj", "{21758A3E-530C-064E-651B-EB6B87E7162F}"
EndProject
Global
	GlobalSection(SolutionConfigurationPlatforms) = preSolution
		Debug|Any CPU = Debug|Any CPU
		Release|Any CPU = Release|Any CPU
	EndGlobalSection
	GlobalSection(ProjectConfigurationPlatforms) = postSolution
		{E2C7F295-66AF-7BEB-C404-F7CB74EE97D2}.Debug|Any CPU.ActiveCfg = Debug|Any CPU
		{E2C7F295-66AF-7BEB-C404-F7CB74EE97D2}.Debug|Any CPU.Build.0 = Debug|Any CPU
		{E2C7F295-66AF-7BEB-C404-F7CB74EE97D2}.Release|Any CPU.ActiveCfg = Release|Any CPU
		{E2C7F295-66AF-7BEB-C404-F7CB74EE97D2}.Release|Any CPU.Build.0 = Release|Any CPU
		{513B8EE0-6E80-E396-B7E5-DE4CC518EF3D}.Debug|Any CPU.ActiveCfg = Debug|Any CPU
		{513B8EE0-6E80-E396-B7E5-DE4CC518EF3D}.Debug|Any CPU.Build.0 = Debug|Any CPU
		{513B8EE0-6E80-E396-B7E5-DE4CC518EF3D}.Release|Any CPU.ActiveCfg = Release|Any CPU
		{513B8EE0-6E80-E396-B7E5-DE4CC518EF3D}.Release|Any CPU.Build.0 = Release|Any CPU
		{34FA692F-E6DD-8FF5-5378-F6107C6E78CB}.Debug|Any CPU.ActiveCfg = Debug|Any CPU
		{34FA692F-E6DD-8FF5-5378-F6107C6E78CB}.Debug|Any CPU.Build.0 = Debug|Any CPU
		{34FA692F-E6DD-8FF5-5378-F6107C6E78CB}.Release|Any CPU.ActiveCfg = Release|Any CPU
		{34FA692F-E6DD-8FF5-5378-F6107C6E78CB}.Release|Any CPU.Build.0 = Release|Any CPU
		{EF07F3A7-B96B-F1F2-980B-2B211E202965}.Debug|Any CPU.ActiveCfg = Debug|Any CPU
		{EF07F3A7-B96B-F1F2-980B-2B211E202965}.Debug|Any CPU.Build.0 = Debug|Any CPU
		{EF07F3A7-B96B-F1F2-980B-2B211E202965}.Release|Any CPU.ActiveCfg = Release|Any CPU
		{EF07F3A7-B96B-F1F2-980B-2B211E202965}.Release|Any CPU.Build.0 = Release|Any CPU
		{21758A3E-530C-064E-651B-EB6B87E7162F}.Debug|Any CPU.ActiveCfg = Debug|Any CPU
		{21758A3E-530C-064E-651B-EB6B87E7162F}.Debug|Any CPU.Build.0 = Debug|Any CPU
		{21758A3E-530C-064E-651B-EB6B87E7162F}.Release|Any CPU.ActiveCfg = Release|Any CPU
		{21758A3E-530C-064E-651B-EB6B87E7162F}.Release|Any CPU.Build.0 = Release|Any CPU
	EndGlobalSection
	GlobalSection(SolutionProperties) = preSolution
		HideSolutionNode = FALSE
	EndGlobalSection
																																																																																																																																																																																																																																											GlobalSection(MonoDevelopProperties) = preSolution
		StartupItem = Assembly-CSharp.csproj
		Policies = $0
		$0.TextStylePolicy = $1
		$1.inheritsSet = null
		$1.scope = text/x-csharp
		$0.CSharpFormattingPolicy = $2
		$2.inheritsSet = Mono
		$2.inheritsScope = text/x-csharp
		$2.scope = text/x-csharp
		$0.TextStylePolicy = $3
		$3.FileWidth = 120
		$3.TabWidth = 4
		$3.EolMarker = Unix
		$3.inheritsSet = Mono
		$3.inheritsScope = text/plain
		$3.scope = text/plain
	EndGlobalSection

EndGlobal
